// !$*UTF8*$!
{
	archiveVersion = 1;
	classes = {
	};
	objectVersion = 50;
	objects = {

/* Begin PBXBuildFile section */
		1D4C5BEF238701E300AD8AED /* Summoner.cpp in Sources */ = {isa = PBXBuildFile; fileRef = 1D4C5BEE238701E300AD8AED /* Summoner.cpp */; };
		1D4C5BF12387020300AD8AED /* Landscape.cpp in Sources */ = {isa = PBXBuildFile; fileRef = 1D4C5BF02387020300AD8AED /* Landscape.cpp */; };
		1D4C5BF32387021A00AD8AED /* Immoral_Troop.cpp in Sources */ = {isa = PBXBuildFile; fileRef = 1D4C5BF22387021A00AD8AED /* Immoral_Troop.cpp */; };
		1D4C5BF52387023200AD8AED /* Ordinary_Troop.cpp in Sources */ = {isa = PBXBuildFile; fileRef = 1D4C5BF42387023200AD8AED /* Ordinary_Troop.cpp */; };
		1D4C5BF92387026700AD8AED /* OResurrecting_Troop.cpp in Sources */ = {isa = PBXBuildFile; fileRef = 1D4C5BF82387026700AD8AED /* OResurrecting_Troop.cpp */; };
		1D4C5BFB2387027B00AD8AED /* School.cpp in Sources */ = {isa = PBXBuildFile; fileRef = 1D4C5BFA2387027B00AD8AED /* School.cpp */; };
		1D4C5BFD2387029900AD8AED /* Skill.cpp in Sources */ = {isa = PBXBuildFile; fileRef = 1D4C5BFC2387029900AD8AED /* Skill.cpp */; };
		1D4C5C00238702AE00AD8AED /* Creature.cpp in Sources */ = {isa = PBXBuildFile; fileRef = 1D4C5BFE238702AE00AD8AED /* Creature.cpp */; };
		1D4C5C352393F17D00AD8AED /* IResurrecting_Troop.cpp in Sources */ = {isa = PBXBuildFile; fileRef = 1D4C5C332393F17C00AD8AED /* IResurrecting_Troop.cpp */; };
		1DE0DDB523A99176009F24C2 /* main.cpp in Sources */ = {isa = PBXBuildFile; fileRef = 1DE0DDB423A99176009F24C2 /* main.cpp */; };
		1DE0DDB823AE5189009F24C2 /* menu.cpp in Sources */ = {isa = PBXBuildFile; fileRef = 1DE0DDB723AE5189009F24C2 /* menu.cpp */; };
/* End PBXBuildFile section */

/* Begin PBXCopyFilesBuildPhase section */
		1D4C5BD52384577300AD8AED /* CopyFiles */ = {
			isa = PBXCopyFilesBuildPhase;
			buildActionMask = 2147483647;
			dstPath = /usr/share/man/man1/;
			dstSubfolderSpec = 0;
			files = (
			);
			runOnlyForDeploymentPostprocessing = 1;
		};
/* End PBXCopyFilesBuildPhase section */

/* Begin PBXFileReference section */
		1D4C5BD72384577300AD8AED /* laba4 */ = {isa = PBXFileReference; explicitFileType = "compiled.mach-o.executable"; includeInIndex = 0; path = laba4; sourceTree = BUILT_PRODUCTS_DIR; };
		1D4C5BE5238488F500AD8AED /* Landscape.h */ = {isa = PBXFileReference; lastKnownFileType = sourcecode.c.h; path = Landscape.h; sourceTree = "<group>"; };
		1D4C5BE623848BFB00AD8AED /* School.h */ = {isa = PBXFileReference; lastKnownFileType = sourcecode.c.h; path = School.h; sourceTree = "<group>"; };
		1D4C5BE72385696200AD8AED /* Creature.h */ = {isa = PBXFileReference; lastKnownFileType = sourcecode.c.h; path = Creature.h; sourceTree = "<group>"; };
		1D4C5BE82385697B00AD8AED /* Skill.h */ = {isa = PBXFileReference; lastKnownFileType = sourcecode.c.h; path = Skill.h; sourceTree = "<group>"; };
		1D4C5BE923856AA900AD8AED /* Ordinary_Troop.h */ = {isa = PBXFileReference; lastKnownFileType = sourcecode.c.h; path = Ordinary_Troop.h; sourceTree = "<group>"; };
		1D4C5BEB23856B5000AD8AED /* OResurrecting_Troop.h */ = {isa = PBXFileReference; lastKnownFileType = sourcecode.c.h; path = OResurrecting_Troop.h; sourceTree = "<group>"; };
		1D4C5BEC2386FFE800AD8AED /* Summoner.h */ = {isa = PBXFileReference; fileEncoding = 4; lastKnownFileType = sourcecode.c.h; path = Summoner.h; sourceTree = "<group>"; };
		1D4C5BED2386FFE800AD8AED /* Immoral_Troop.h */ = {isa = PBXFileReference; fileEncoding = 4; lastKnownFileType = sourcecode.c.h; path = Immoral_Troop.h; sourceTree = "<group>"; };
		1D4C5BEE238701E300AD8AED /* Summoner.cpp */ = {isa = PBXFileReference; fileEncoding = 4; lastKnownFileType = sourcecode.cpp.cpp; path = Summoner.cpp; sourceTree = "<group>"; };
		1D4C5BF02387020300AD8AED /* Landscape.cpp */ = {isa = PBXFileReference; lastKnownFileType = sourcecode.cpp.cpp; path = Landscape.cpp; sourceTree = "<group>"; };
		1D4C5BF22387021A00AD8AED /* Immoral_Troop.cpp */ = {isa = PBXFileReference; lastKnownFileType = sourcecode.cpp.cpp; path = Immoral_Troop.cpp; sourceTree = "<group>"; };
		1D4C5BF42387023200AD8AED /* Ordinary_Troop.cpp */ = {isa = PBXFileReference; lastKnownFileType = sourcecode.cpp.cpp; path = Ordinary_Troop.cpp; sourceTree = "<group>"; };
		1D4C5BF82387026700AD8AED /* OResurrecting_Troop.cpp */ = {isa = PBXFileReference; lastKnownFileType = sourcecode.cpp.cpp; path = OResurrecting_Troop.cpp; sourceTree = "<group>"; };
		1D4C5BFA2387027B00AD8AED /* School.cpp */ = {isa = PBXFileReference; lastKnownFileType = sourcecode.cpp.cpp; path = School.cpp; sourceTree = "<group>"; };
		1D4C5BFC2387029900AD8AED /* Skill.cpp */ = {isa = PBXFileReference; lastKnownFileType = sourcecode.cpp.cpp; path = Skill.cpp; sourceTree = "<group>"; };
		1D4C5BFE238702AE00AD8AED /* Creature.cpp */ = {isa = PBXFileReference; lastKnownFileType = sourcecode.cpp.cpp; path = Creature.cpp; sourceTree = "<group>"; };
		1D4C5C03238A84DB00AD8AED /* input_map */ = {isa = PBXFileReference; lastKnownFileType = text; path = input_map; sourceTree = "<group>"; };
		1D4C5C17238C1B1E00AD8AED /* User_Summoner */ = {isa = PBXFileReference; lastKnownFileType = text; path = User_Summoner; sourceTree = "<group>"; };
		1D4C5C18238C23C000AD8AED /* Enemy_Summoners */ = {isa = PBXFileReference; lastKnownFileType = text; path = Enemy_Summoners; sourceTree = "<group>"; };
		1D4C5C322391231400AD8AED /* School */ = {isa = PBXFileReference; lastKnownFileType = text; path = School; sourceTree = "<group>"; };
		1D4C5C332393F17C00AD8AED /* IResurrecting_Troop.cpp */ = {isa = PBXFileReference; fileEncoding = 4; lastKnownFileType = sourcecode.cpp.cpp; path = IResurrecting_Troop.cpp; sourceTree = "<group>"; };
		1D4C5C342393F17C00AD8AED /* IResurrecting_Troop.h */ = {isa = PBXFileReference; fileEncoding = 4; lastKnownFileType = sourcecode.c.h; path = IResurrecting_Troop.h; sourceTree = "<group>"; };
		1D4C5C362395B44200AD8AED /* necromancy */ = {isa = PBXFileReference; lastKnownFileType = text; path = necromancy; sourceTree = "<group>"; };
		1D4C5C372395B45700AD8AED /* animalism */ = {isa = PBXFileReference; lastKnownFileType = text; path = animalism; sourceTree = "<group>"; };
		1D4C5C382395B47B00AD8AED /* demonology */ = {isa = PBXFileReference; lastKnownFileType = text; path = demonology; sourceTree = "<group>"; };
		1D4C5C392395B48E00AD8AED /* other_realities */ = {isa = PBXFileReference; lastKnownFileType = text; path = other_realities; sourceTree = "<group>"; };
		1D4C5C3A2395B4A800AD8AED /* elementalism */ = {isa = PBXFileReference; lastKnownFileType = text; path = elementalism; sourceTree = "<group>"; };
		1D4C5C7823A014D900AD8AED /* Priorety_Queue.h */ = {isa = PBXFileReference; fileEncoding = 4; lastKnownFileType = sourcecode.c.h; path = Priorety_Queue.h; sourceTree = "<group>"; };
		1DE0DDB423A99176009F24C2 /* main.cpp */ = {isa = PBXFileReference; fileEncoding = 4; lastKnownFileType = sourcecode.cpp.cpp; path = main.cpp; sourceTree = "<group>"; };
		1DE0DDB623AE516D009F24C2 /* menu.h */ = {isa = PBXFileReference; lastKnownFileType = sourcecode.c.h; path = menu.h; sourceTree = "<group>"; };
		1DE0DDB723AE5189009F24C2 /* menu.cpp */ = {isa = PBXFileReference; lastKnownFileType = sourcecode.cpp.cpp; path = menu.cpp; sourceTree = "<group>"; };
/* End PBXFileReference section */

/* Begin PBXFrameworksBuildPhase section */
		1D4C5BD42384577300AD8AED /* Frameworks */ = {
			isa = PBXFrameworksBuildPhase;
			buildActionMask = 2147483647;
			files = (
			);
			runOnlyForDeploymentPostprocessing = 0;
		};
/* End PBXFrameworksBuildPhase section */

/* Begin PBXGroup section */
		1D4C5BCE2384577300AD8AED = {
			isa = PBXGroup;
			children = (
				1D4C5BD92384577300AD8AED /* laba4 */,
				1D4C5BD82384577300AD8AED /* Products */,
			);
			sourceTree = "<group>";
		};
		1D4C5BD82384577300AD8AED /* Products */ = {
			isa = PBXGroup;
			children = (
				1D4C5BD72384577300AD8AED /* laba4 */,
			);
			name = Products;
			sourceTree = "<group>";
		};
		1D4C5BD92384577300AD8AED /* laba4 */ = {
			isa = PBXGroup;
			children = (
				1DE0DDB423A99176009F24C2 /* main.cpp */,
				1D4C5C7823A014D900AD8AED /* Priorety_Queue.h */,
				1D4C5BE5238488F500AD8AED /* Landscape.h */,
				1D4C5BF02387020300AD8AED /* Landscape.cpp */,
				1D4C5BEC2386FFE800AD8AED /* Summoner.h */,
				1D4C5BEE238701E300AD8AED /* Summoner.cpp */,
				1D4C5BED2386FFE800AD8AED /* Immoral_Troop.h */,
				1D4C5BF22387021A00AD8AED /* Immoral_Troop.cpp */,
				1D4C5C342393F17C00AD8AED /* IResurrecting_Troop.h */,
				1D4C5C332393F17C00AD8AED /* IResurrecting_Troop.cpp */,
				1D4C5BE923856AA900AD8AED /* Ordinary_Troop.h */,
				1D4C5BF42387023200AD8AED /* Ordinary_Troop.cpp */,
				1D4C5BEB23856B5000AD8AED /* OResurrecting_Troop.h */,
				1D4C5BF82387026700AD8AED /* OResurrecting_Troop.cpp */,
				1D4C5BE623848BFB00AD8AED /* School.h */,
				1D4C5BFA2387027B00AD8AED /* School.cpp */,
				1D4C5BE82385697B00AD8AED /* Skill.h */,
				1D4C5BFC2387029900AD8AED /* Skill.cpp */,
				1D4C5BE72385696200AD8AED /* Creature.h */,
				1D4C5BFE238702AE00AD8AED /* Creature.cpp */,
				1D4C5C03238A84DB00AD8AED /* input_map */,
				1D4C5C17238C1B1E00AD8AED /* User_Summoner */,
				1D4C5C18238C23C000AD8AED /* Enemy_Summoners */,
				1D4C5C322391231400AD8AED /* School */,
				1D4C5C362395B44200AD8AED /* necromancy */,
				1D4C5C372395B45700AD8AED /* animalism */,
				1D4C5C382395B47B00AD8AED /* demonology */,
				1D4C5C392395B48E00AD8AED /* other_realities */,
				1D4C5C3A2395B4A800AD8AED /* elementalism */,
				1DE0DDB623AE516D009F24C2 /* menu.h */,
				1DE0DDB723AE5189009F24C2 /* menu.cpp */,
			);
			path = laba4;
			sourceTree = "<group>";
		};
/* End PBXGroup section */

/* Begin PBXNativeTarget section */
		1D4C5BD62384577300AD8AED /* laba4 */ = {
			isa = PBXNativeTarget;
			buildConfigurationList = 1D4C5BDE2384577300AD8AED /* Build configuration list for PBXNativeTarget "laba4" */;
			buildPhases = (
				1D4C5BD32384577300AD8AED /* Sources */,
				1D4C5BD42384577300AD8AED /* Frameworks */,
				1D4C5BD52384577300AD8AED /* CopyFiles */,
			);
			buildRules = (
			);
			dependencies = (
			);
			name = laba4;
			productName = laba4;
			productReference = 1D4C5BD72384577300AD8AED /* laba4 */;
			productType = "com.apple.product-type.tool";
		};
/* End PBXNativeTarget section */

/* Begin PBXProject section */
		1D4C5BCF2384577300AD8AED /* Project object */ = {
			isa = PBXProject;
			attributes = {
				LastUpgradeCheck = 1030;
				ORGANIZATIONNAME = "Полина Подчуфарова";
				TargetAttributes = {
					1D4C5BD62384577300AD8AED = {
						CreatedOnToolsVersion = 10.3;
					};
				};
			};
			buildConfigurationList = 1D4C5BD22384577300AD8AED /* Build configuration list for PBXProject "laba4" */;
			compatibilityVersion = "Xcode 9.3";
			developmentRegion = en;
			hasScannedForEncodings = 0;
			knownRegions = (
				en,
			);
			mainGroup = 1D4C5BCE2384577300AD8AED;
			productRefGroup = 1D4C5BD82384577300AD8AED /* Products */;
			projectDirPath = "";
			projectRoot = "";
			targets = (
				1D4C5BD62384577300AD8AED /* laba4 */,
			);
		};
/* End PBXProject section */

/* Begin PBXSourcesBuildPhase section */
		1D4C5BD32384577300AD8AED /* Sources */ = {
			isa = PBXSourcesBuildPhase;
			buildActionMask = 2147483647;
			files = (
				1D4C5C00238702AE00AD8AED /* Creature.cpp in Sources */,
				1D4C5BFD2387029900AD8AED /* Skill.cpp in Sources */,
				1D4C5BF92387026700AD8AED /* OResurrecting_Troop.cpp in Sources */,
				1DE0DDB823AE5189009F24C2 /* menu.cpp in Sources */,
				1DE0DDB523A99176009F24C2 /* main.cpp in Sources */,
				1D4C5BFB2387027B00AD8AED /* School.cpp in Sources */,
				1D4C5BF32387021A00AD8AED /* Immoral_Troop.cpp in Sources */,
				1D4C5BEF238701E300AD8AED /* Summoner.cpp in Sources */,
				1D4C5BF52387023200AD8AED /* Ordinary_Troop.cpp in Sources */,
				1D4C5C352393F17D00AD8AED /* IResurrecting_Troop.cpp in Sources */,
				1D4C5BF12387020300AD8AED /* Landscape.cpp in Sources */,
			);
			runOnlyForDeploymentPostprocessing = 0;
		};
/* End PBXSourcesBuildPhase section */

/* Begin XCBuildConfiguration section */
		1D4C5BDC2384577300AD8AED /* Debug */ = {
			isa = XCBuildConfiguration;
			buildSettings = {
				ALWAYS_SEARCH_USER_PATHS = NO;
				CLANG_ANALYZER_NONNULL = YES;
				CLANG_ANALYZER_NUMBER_OBJECT_CONVERSION = YES_AGGRESSIVE;
				CLANG_CXX_LANGUAGE_STANDARD = "gnu++14";
				CLANG_CXX_LIBRARY = "libc++";
				CLANG_ENABLE_MODULES = YES;
				CLANG_ENABLE_OBJC_ARC = YES;
				CLANG_ENABLE_OBJC_WEAK = YES;
				CLANG_WARN_BLOCK_CAPTURE_AUTORELEASING = YES;
				CLANG_WARN_BOOL_CONVERSION = YES;
				CLANG_WARN_COMMA = YES;
				CLANG_WARN_CONSTANT_CONVERSION = YES;
				CLANG_WARN_DEPRECATED_OBJC_IMPLEMENTATIONS = YES;
				CLANG_WARN_DIRECT_OBJC_ISA_USAGE = YES_ERROR;
				CLANG_WARN_DOCUMENTATION_COMMENTS = YES;
				CLANG_WARN_EMPTY_BODY = YES;
				CLANG_WARN_ENUM_CONVERSION = YES;
				CLANG_WARN_INFINITE_RECURSION = YES;
				CLANG_WARN_INT_CONVERSION = YES;
				CLANG_WARN_NON_LITERAL_NULL_CONVERSION = YES;
				CLANG_WARN_OBJC_IMPLICIT_RETAIN_SELF = YES;
				CLANG_WARN_OBJC_LITERAL_CONVERSION = YES;
				CLANG_WARN_OBJC_ROOT_CLASS = YES_ERROR;
				CLANG_WARN_RANGE_LOOP_ANALYSIS = YES;
				CLANG_WARN_STRICT_PROTOTYPES = YES;
				CLANG_WARN_SUSPICIOUS_MOVE = YES;
				CLANG_WARN_UNGUARDED_AVAILABILITY = YES_AGGRESSIVE;
				CLANG_WARN_UNREACHABLE_CODE = YES;
				CLANG_WARN__DUPLICATE_METHOD_MATCH = YES;
				CODE_SIGN_IDENTITY = "-";
				COPY_PHASE_STRIP = NO;
				DEBUG_INFORMATION_FORMAT = dwarf;
				ENABLE_STRICT_OBJC_MSGSEND = YES;
				ENABLE_TESTABILITY = YES;
				GCC_C_LANGUAGE_STANDARD = gnu11;
				GCC_DYNAMIC_NO_PIC = NO;
				GCC_NO_COMMON_BLOCKS = YES;
				GCC_OPTIMIZATION_LEVEL = 0;
				GCC_PREPROCESSOR_DEFINITIONS = (
					"DEBUG=1",
					"$(inherited)",
				);
				GCC_WARN_64_TO_32_BIT_CONVERSION = YES;
				GCC_WARN_ABOUT_RETURN_TYPE = YES_ERROR;
				GCC_WARN_UNDECLARED_SELECTOR = YES;
				GCC_WARN_UNINITIALIZED_AUTOS = YES_AGGRESSIVE;
				GCC_WARN_UNUSED_FUNCTION = YES;
				GCC_WARN_UNUSED_VARIABLE = YES;
				MACOSX_DEPLOYMENT_TARGET = 10.14;
				MTL_ENABLE_DEBUG_INFO = INCLUDE_SOURCE;
				MTL_FAST_MATH = YES;
				ONLY_ACTIVE_ARCH = YES;
				SDKROOT = macosx;
			};
			name = Debug;
		};
		1D4C5BDD2384577300AD8AED /* Release */ = {
			isa = XCBuildConfiguration;
			buildSettings = {
				ALWAYS_SEARCH_USER_PATHS = NO;
				CLANG_ANALYZER_NONNULL = YES;
				CLANG_ANALYZER_NUMBER_OBJECT_CONVERSION = YES_AGGRESSIVE;
				CLANG_CXX_LANGUAGE_STANDARD = "gnu++14";
				CLANG_CXX_LIBRARY = "libc++";
				CLANG_ENABLE_MODULES = YES;
				CLANG_ENABLE_OBJC_ARC = YES;
				CLANG_ENABLE_OBJC_WEAK = YES;
				CLANG_WARN_BLOCK_CAPTURE_AUTORELEASING = YES;
				CLANG_WARN_BOOL_CONVERSION = YES;
				CLANG_WARN_COMMA = YES;
				CLANG_WARN_CONSTANT_CONVERSION = YES;
				CLANG_WARN_DEPRECATED_OBJC_IMPLEMENTATIONS = YES;
				CLANG_WARN_DIRECT_OBJC_ISA_USAGE = YES_ERROR;
				CLANG_WARN_DOCUMENTATION_COMMENTS = YES;
				CLANG_WARN_EMPTY_BODY = YES;
				CLANG_WARN_ENUM_CONVERSION = YES;
				CLANG_WARN_INFINITE_RECURSION = YES;
				CLANG_WARN_INT_CONVERSION = YES;
				CLANG_WARN_NON_LITERAL_NULL_CONVERSION = YES;
				CLANG_WARN_OBJC_IMPLICIT_RETAIN_SELF = YES;
				CLANG_WARN_OBJC_LITERAL_CONVERSION = YES;
				CLANG_WARN_OBJC_ROOT_CLASS = YES_ERROR;
				CLANG_WARN_RANGE_LOOP_ANALYSIS = YES;
				CLANG_WARN_STRICT_PROTOTYPES = YES;
				CLANG_WARN_SUSPICIOUS_MOVE = YES;
				CLANG_WARN_UNGUARDED_AVAILABILITY = YES_AGGRESSIVE;
				CLANG_WARN_UNREACHABLE_CODE = YES;
				CLANG_WARN__DUPLICATE_METHOD_MATCH = YES;
				CODE_SIGN_IDENTITY = "-";
				COPY_PHASE_STRIP = NO;
				DEBUG_INFORMATION_FORMAT = "dwarf-with-dsym";
				ENABLE_NS_ASSERTIONS = NO;
				ENABLE_STRICT_OBJC_MSGSEND = YES;
				GCC_C_LANGUAGE_STANDARD = gnu11;
				GCC_NO_COMMON_BLOCKS = YES;
				GCC_WARN_64_TO_32_BIT_CONVERSION = YES;
				GCC_WARN_ABOUT_RETURN_TYPE = YES_ERROR;
				GCC_WARN_UNDECLARED_SELECTOR = YES;
				GCC_WARN_UNINITIALIZED_AUTOS = YES_AGGRESSIVE;
				GCC_WARN_UNUSED_FUNCTION = YES;
				GCC_WARN_UNUSED_VARIABLE = YES;
				MACOSX_DEPLOYMENT_TARGET = 10.14;
				MTL_ENABLE_DEBUG_INFO = NO;
				MTL_FAST_MATH = YES;
				SDKROOT = macosx;
			};
			name = Release;
		};
		1D4C5BDF2384577300AD8AED /* Debug */ = {
			isa = XCBuildConfiguration;
			buildSettings = {
				CODE_SIGN_STYLE = Automatic;
				HEADER_SEARCH_PATHS = /usr/local/include/;
				LIBRARY_SEARCH_PATHS = /usr/local/lib;
				OTHER_LDFLAGS = /usr/local/lib/libgtest.a;
				PRODUCT_NAME = "$(TARGET_NAME)";
			};
			name = Debug;
		};
		1D4C5BE02384577300AD8AED /* Release */ = {
			isa = XCBuildConfiguration;
			buildSettings = {
				CODE_SIGN_STYLE = Automatic;
				HEADER_SEARCH_PATHS = /usr/local/include/;
				LIBRARY_SEARCH_PATHS = /usr/local/lib;
				OTHER_LDFLAGS = /usr/local/lib/libgtest.a;
				PRODUCT_NAME = "$(TARGET_NAME)";
			};
			name = Release;
		};
/* End XCBuildConfiguration section */

/* Begin XCConfigurationList section */
		1D4C5BD22384577300AD8AED /* Build configuration list for PBXProject "laba4" */ = {
			isa = XCConfigurationList;
			buildConfigurations = (
				1D4C5BDC2384577300AD8AED /* Debug */,
				1D4C5BDD2384577300AD8AED /* Release */,
			);
			defaultConfigurationIsVisible = 0;
			defaultConfigurationName = Release;
		};
		1D4C5BDE2384577300AD8AED /* Build configuration list for PBXNativeTarget "laba4" */ = {
			isa = XCConfigurationList;
			buildConfigurations = (
				1D4C5BDF2384577300AD8AED /* Debug */,
				1D4C5BE02384577300AD8AED /* Release */,
			);
			defaultConfigurationIsVisible = 0;
			defaultConfigurationName = Release;
		};
/* End XCConfigurationList section */
	};
	rootObject = 1D4C5BCF2384577300AD8AED /* Project object */;
}
